
Microsoft Visual Studio Solution File, Format Version 12.00
# Visual Studio Version 17
VisualStudioVersion = 17.7.34221.43
MinimumVisualStudioVersion = 10.0.40219.1
Project("{FAE04EC0-301F-11D3-BF4B-00C04F79EFBC}") = "Assignment 5", "Assignment 5\Assignment 5.csproj", "{7C92B944-CA1B-4907-9FCD-DFC3FFB2D0A4}"
EndProject
Global
	GlobalSection(SolutionConfigurationPlatforms) = preSolution
		Debug|Any CPU = Debug|Any CPU
		Release|Any CPU = Release|Any CPU
	EndGlobalSection
	GlobalSection(ProjectConfigurationPlatforms) = postSolution
		{7C92B944-CA1B-4907-9FCD-DFC3FFB2D0A4}.Debug|Any CPU.ActiveCfg = Debug|Any CPU
		{7C92B944-CA1B-4907-9FCD-DFC3FFB2D0A4}.Debug|Any CPU.Build.0 = Debug|Any CPU
		{7C92B944-CA1B-4907-9FCD-DFC3FFB2D0A4}.Release|Any CPU.ActiveCfg = Release|Any CPU
		{7C92B944-CA1B-4907-9FCD-DFC3FFB2D0A4}.Release|Any CPU.Build.0 = Release|Any CPU
	EndGlobalSection
	GlobalSection(SolutionProperties) = preSolution
		HideSolutionNode = FALSE
	EndGlobalSection
	GlobalSection(ExtensibilityGlobals) = postSolution
		SolutionGuid = {74CEE887-1D82-4BE5-B76C-1D48387649DA}
	EndGlobalSection
EndGlobal
